
Microsoft Visual Studio Solution File, Format Version 12.00
# Visual Studio 15
VisualStudioVersion = 15.0.27703.2026
MinimumVisualStudioVersion = 10.0.40219.1
Project("{FAE04EC0-301F-11D3-BF4B-00C04F79EFBC}") = "Cmjimenez.PasswordResetTool.Application", "Cmjimenez.Passwordresettool.Gui\Cmjimenez.PasswordResetTool.Application.csproj", "{3AB3A776-0F0D-4B5E-BB77-AC3DDF09D8F3}"
EndProject
Project("{FAE04EC0-301F-11D3-BF4B-00C04F79EFBC}") = "Cmjimenez.PasswordResetTool.ApplicationTest", "Cmjimenez.Passwordresettool.GuiTest\Cmjimenez.PasswordResetTool.ApplicationTest.csproj", "{62A7A8C1-2C68-4664-B683-B877CA33D9F5}"
EndProject
Project("{930C7802-8A8C-48F9-8165-68863BCCD9DD}") = "Cmjimenez.PasswordResetTool.Installer", "Cmjimenez.PasswordResetTool.Installer\Cmjimenez.PasswordResetTool.Installer.wixproj", "{951335CB-C721-4997-A085-4BD1EFAC34FE}"
EndProject
Global
	GlobalSection(SolutionConfigurationPlatforms) = preSolution
		Debug|Any CPU = Debug|Any CPU
		Debug|x86 = Debug|x86
		Release|Any CPU = Release|Any CPU
		Release|x86 = Release|x86
	EndGlobalSection
	GlobalSection(ProjectConfigurationPlatforms) = postSolution
		{3AB3A776-0F0D-4B5E-BB77-AC3DDF09D8F3}.Debug|Any CPU.ActiveCfg = Debug|Any CPU
		{3AB3A776-0F0D-4B5E-BB77-AC3DDF09D8F3}.Debug|Any CPU.Build.0 = Debug|Any CPU
		{3AB3A776-0F0D-4B5E-BB77-AC3DDF09D8F3}.Debug|x86.ActiveCfg = Debug|Any CPU
		{3AB3A776-0F0D-4B5E-BB77-AC3DDF09D8F3}.Debug|x86.Build.0 = Debug|Any CPU
		{3AB3A776-0F0D-4B5E-BB77-AC3DDF09D8F3}.Release|Any CPU.ActiveCfg = Release|Any CPU
		{3AB3A776-0F0D-4B5E-BB77-AC3DDF09D8F3}.Release|Any CPU.Build.0 = Release|Any CPU
		{3AB3A776-0F0D-4B5E-BB77-AC3DDF09D8F3}.Release|x86.ActiveCfg = Release|Any CPU
		{3AB3A776-0F0D-4B5E-BB77-AC3DDF09D8F3}.Release|x86.Build.0 = Release|Any CPU
		{62A7A8C1-2C68-4664-B683-B877CA33D9F5}.Debug|Any CPU.ActiveCfg = Debug|Any CPU
		{62A7A8C1-2C68-4664-B683-B877CA33D9F5}.Debug|Any CPU.Build.0 = Debug|Any CPU
		{62A7A8C1-2C68-4664-B683-B877CA33D9F5}.Debug|x86.ActiveCfg = Debug|Any CPU
		{62A7A8C1-2C68-4664-B683-B877CA33D9F5}.Debug|x86.Build.0 = Debug|Any CPU
		{62A7A8C1-2C68-4664-B683-B877CA33D9F5}.Release|Any CPU.ActiveCfg = Release|Any CPU
		{62A7A8C1-2C68-4664-B683-B877CA33D9F5}.Release|Any CPU.Build.0 = Release|Any CPU
		{62A7A8C1-2C68-4664-B683-B877CA33D9F5}.Release|x86.ActiveCfg = Release|Any CPU
		{62A7A8C1-2C68-4664-B683-B877CA33D9F5}.Release|x86.Build.0 = Release|Any CPU
		{951335CB-C721-4997-A085-4BD1EFAC34FE}.Debug|Any CPU.ActiveCfg = Debug|x86
		{951335CB-C721-4997-A085-4BD1EFAC34FE}.Debug|x86.ActiveCfg = Debug|x86
		{951335CB-C721-4997-A085-4BD1EFAC34FE}.Debug|x86.Build.0 = Debug|x86
		{951335CB-C721-4997-A085-4BD1EFAC34FE}.Release|Any CPU.ActiveCfg = Release|x86
		{951335CB-C721-4997-A085-4BD1EFAC34FE}.Release|x86.ActiveCfg = Release|x86
		{951335CB-C721-4997-A085-4BD1EFAC34FE}.Release|x86.Build.0 = Release|x86
	EndGlobalSection
	GlobalSection(SolutionProperties) = preSolution
		HideSolutionNode = FALSE
	EndGlobalSection
	GlobalSection(ExtensibilityGlobals) = postSolution
		SolutionGuid = {57333E66-6B3D-4075-9451-AE5E4D6726AD}
	EndGlobalSection
EndGlobal
